
Microsoft Visual Studio Solution File, Format Version 12.00
# Visual Studio Version 16
VisualStudioVersion = 16.0.32002.261
MinimumVisualStudioVersion = 10.0.40219.1
Project("{FAE04EC0-301F-11D3-BF4B-00C04F79EFBC}") = "dijak", "dijak\dijak.csproj", "{AB6F8A36-7A3E-46DB-BA61-2B1015C6A91A}"
EndProject
Global
	GlobalSection(SolutionConfigurationPlatforms) = preSolution
		Debug|Any CPU = Debug|Any CPU
		Release|Any CPU = Release|Any CPU
	EndGlobalSection
	GlobalSection(ProjectConfigurationPlatforms) = postSolution
		{AB6F8A36-7A3E-46DB-BA61-2B1015C6A91A}.Debug|Any CPU.ActiveCfg = Debug|Any CPU
		{AB6F8A36-7A3E-46DB-BA61-2B1015C6A91A}.Debug|Any CPU.Build.0 = Debug|Any CPU
		{AB6F8A36-7A3E-46DB-BA61-2B1015C6A91A}.Release|Any CPU.ActiveCfg = Release|Any CPU
		{AB6F8A36-7A3E-46DB-BA61-2B1015C6A91A}.Release|Any CPU.Build.0 = Release|Any CPU
	EndGlobalSection
	GlobalSection(SolutionProperties) = preSolution
		HideSolutionNode = FALSE
	EndGlobalSection
	GlobalSection(ExtensibilityGlobals) = postSolution
		SolutionGuid = {78D2C029-5E53-471C-8A23-57C9C33127F5}
	EndGlobalSection
EndGlobal
